# THIS IS AN AUTOGENERATED FILE. DO NOT EDIT THIS FILE DIRECTLY.
# yarn lockfile v1


"@angular/common@2.4.8":
  version "2.4.8"
  resolved "@angular-common-2.4.8.tgz#e45a77a9d852c8e7135053ff38cf805435458c48"

"@angular/compiler@2.4.8":
  version "2.4.8"
  resolved "@angular-compiler-2.4.8.tgz#fa788fc8bed9f322b040af2b9a06a70991390e23"

"@angular/core@2.4.8":
  version "2.4.8"
  resolved "@angular-core-2.4.8.tgz#bf1a4fc324827516e6c3222047a9b2cbdaee6976"

"@angular/forms@2.4.8":
  version "2.4.8"
  resolved "@angular-forms-2.4.8.tgz#51512a801aaf3a1eba7bce2b22694537b93f047f"

"@angular/http@2.4.8":
  version "2.4.8"
  resolved "@angular-http-2.4.8.tgz#e81ac8e4db836ed813edc4ffa137596cd5836baf"

"@angular/platform-browser-dynamic@2.4.8":
  version "2.4.8"
  resolved "@angular-platform-browser-dynamic-2.4.8.tgz#86059fe930489d1ca0056a5aba0b4420414759f5"

"@angular/platform-browser@2.4.8":
  version "2.4.8"
  resolved "@angular-platform-browser-2.4.8.tgz#686bc82d9188e354181699640777237ed79122ed"

"@angular/router@3.4.8":
  version "3.4.8"
  resolved "@angular-router-3.4.8.tgz#d569099359848a3f708df87f685c98d37621ab97"

core-js@2.4.1:
  version "2.4.1"
  resolved core-js-2.4.1.tgz#4de911e667b0eae9124e34254b53aea6fc618d3e

rxjs@5.2.0:
  version "5.2.0"
  resolved rxjs-5.2.0.tgz#db537de8767c05fa73721587a29e0085307d318b
  dependencies:
    symbol-observable "^1.0.1"

symbol-observable@^1.0.1:
  version "1.0.4"
  resolved symbol-observable-1.0.4.tgz#29bf615d4aa7121bdd898b22d4b3f9bc4e2aa03d

zone.js@0.7.7:
  version "0.7.7"
  resolved zone.js-0.7.7.tgz#0d7b7ae7f68012d03438b8a18f5763441bbf9620
